// !$*UTF8*$!
{
	archiveVersion = 1;
	classes = {
	};
	objectVersion = 46;
	objects = {

/* Begin PBXBuildFile section */
		CF4FD4A41E7F787600260965 /* main.m in Sources */ = {isa = PBXBuildFile; fileRef = CF4FD4A31E7F787600260965 /* main.m */; };
		CF4FD4A71E7F787600260965 /* AppDelegate.m in Sources */ = {isa = PBXBuildFile; fileRef = CF4FD4A61E7F787600260965 /* AppDelegate.m */; };
		CF4FD4AA1E7F787600260965 /* ViewController.m in Sources */ = {isa = PBXBuildFile; fileRef = CF4FD4A91E7F787600260965 /* ViewController.m */; };
		CF4FD4AD1E7F787600260965 /* Main.storyboard in Resources */ = {isa = PBXBuildFile; fileRef = CF4FD4AB1E7F787600260965 /* Main.storyboard */; };
		CF4FD4AF1E7F787600260965 /* Assets.xcassets in Resources */ = {isa = PBXBuildFile; fileRef = CF4FD4AE1E7F787600260965 /* Assets.xcassets */; };
		CF4FD4B21E7F787600260965 /* LaunchScreen.storyboard in Resources */ = {isa = PBXBuildFile; fileRef = CF4FD4B01E7F787600260965 /* LaunchScreen.storyboard */; };
		CF4FD4BC1E7F7B0500260965 /* InfoTableViewCell.m in Sources */ = {isa = PBXBuildFile; fileRef = CF4FD4BA1E7F7B0500260965 /* InfoTableViewCell.m */; };
		CF4FD4BD1E7F7B0500260965 /* InfoTableViewCell.xib in Resources */ = {isa = PBXBuildFile; fileRef = CF4FD4BB1E7F7B0500260965 /* InfoTableViewCell.xib */; };
/* End PBXBuildFile section */

/* Begin PBXFileReference section */
		CF4FD49F1E7F787600260965 /* ListTableView.app */ = {isa = PBXFileReference; explicitFileType = wrapper.application; includeInIndex = 0; path = ListTableView.app; sourceTree = BUILT_PRODUCTS_DIR; };
		CF4FD4A31E7F787600260965 /* main.m */ = {isa = PBXFileReference; lastKnownFileType = sourcecode.c.objc; path = main.m; sourceTree = "<group>"; };
		CF4FD4A51E7F787600260965 /* AppDelegate.h */ = {isa = PBXFileReference; lastKnownFileType = sourcecode.c.h; path = AppDelegate.h; sourceTree = "<group>"; };
		CF4FD4A61E7F787600260965 /* AppDelegate.m */ = {isa = PBXFileReference; lastKnownFileType = sourcecode.c.objc; path = AppDelegate.m; sourceTree = "<group>"; };
		CF4FD4A81E7F787600260965 /* ViewController.h */ = {isa = PBXFileReference; lastKnownFileType = sourcecode.c.h; path = ViewController.h; sourceTree = "<group>"; };
		CF4FD4A91E7F787600260965 /* ViewController.m */ = {isa = PBXFileReference; lastKnownFileType = sourcecode.c.objc; path = ViewController.m; sourceTree = "<group>"; };
		CF4FD4AC1E7F787600260965 /* Base */ = {isa = PBXFileReference; lastKnownFileType = file.storyboard; name = Base; path = Base.lproj/Main.storyboard; sourceTree = "<group>"; };
		CF4FD4AE1E7F787600260965 /* Assets.xcassets */ = {isa = PBXFileReference; lastKnownFileType = folder.assetcatalog; path = Assets.xcassets; sourceTree = "<group>"; };
		CF4FD4B11E7F787600260965 /* Base */ = {isa = PBXFileReference; lastKnownFileType = file.storyboard; name = Base; path = Base.lproj/LaunchScreen.storyboard; sourceTree = "<group>"; };
		CF4FD4B31E7F787600260965 /* Info.plist */ = {isa = PBXFileReference; lastKnownFileType = text.plist.xml; path = Info.plist; sourceTree = "<group>"; };
		CF4FD4B91E7F7B0500260965 /* InfoTableViewCell.h */ = {isa = PBXFileReference; fileEncoding = 4; lastKnownFileType = sourcecode.c.h; path = InfoTableViewCell.h; sourceTree = "<group>"; };
		CF4FD4BA1E7F7B0500260965 /* InfoTableViewCell.m */ = {isa = PBXFileReference; fileEncoding = 4; lastKnownFileType = sourcecode.c.objc; path = InfoTableViewCell.m; sourceTree = "<group>"; };
		CF4FD4BB1E7F7B0500260965 /* InfoTableViewCell.xib */ = {isa = PBXFileReference; fileEncoding = 4; lastKnownFileType = file.xib; path = InfoTableViewCell.xib; sourceTree = "<group>"; };
/* End PBXFileReference section */

/* Begin PBXFrameworksBuildPhase section */
		CF4FD49C1E7F787600260965 /* Frameworks */ = {
			isa = PBXFrameworksBuildPhase;
			buildActionMask = 2147483647;
			files = (
			);
			runOnlyForDeploymentPostprocessing = 0;
		};
/* End PBXFrameworksBuildPhase section */

/* Begin PBXGroup section */
		CF4FD4961E7F787600260965 = {
			isa = PBXGroup;
			children = (
				CF4FD4A11E7F787600260965 /* ListTableView */,
				CF4FD4A01E7F787600260965 /* Products */,
			);
			sourceTree = "<group>";
		};
		CF4FD4A01E7F787600260965 /* Products */ = {
			isa = PBXGroup;
			children = (
				CF4FD49F1E7F787600260965 /* ListTableView.app */,
			);
			name = Products;
			sourceTree = "<group>";
		};
		CF4FD4A11E7F787600260965 /* ListTableView */ = {
			isa = PBXGroup;
			children = (
				CF4FD4A51E7F787600260965 /* AppDelegate.h */,
				CF4FD4A61E7F787600260965 /* AppDelegate.m */,
				CF4FD4A81E7F787600260965 /* ViewController.h */,
				CF4FD4A91E7F787600260965 /* ViewController.m */,
				CF4FD4AB1E7F787600260965 /* Main.storyboard */,
				CF4FD4AE1E7F787600260965 /* Assets.xcassets */,
				CF4FD4B01E7F787600260965 /* LaunchScreen.storyboard */,
				CF4FD4B31E7F787600260965 /* Info.plist */,
				CF4FD4A21E7F787600260965 /* Supporting Files */,
				CF4FD4B91E7F7B0500260965 /* InfoTableViewCell.h */,
				CF4FD4BA1E7F7B0500260965 /* InfoTableViewCell.m */,
				CF4FD4BB1E7F7B0500260965 /* InfoTableViewCell.xib */,
			);
			path = ListTableView;
			sourceTree = "<group>";
		};
		CF4FD4A21E7F787600260965 /* Supporting Files */ = {
			isa = PBXGroup;
			children = (
				CF4FD4A31E7F787600260965 /* main.m */,
			);
			name = "Supporting Files";
			sourceTree = "<group>";
		};
/* End PBXGroup section */

/* Begin PBXNativeTarget section */
		CF4FD49E1E7F787600260965 /* ListTableView */ = {
			isa = PBXNativeTarget;
			buildConfigurationList = CF4FD4B61E7F787600260965 /* Build configuration list for PBXNativeTarget "ListTableView" */;
			buildPhases = (
				CF4FD49B1E7F787600260965 /* Sources */,
				CF4FD49C1E7F787600260965 /* Frameworks */,
				CF4FD49D1E7F787600260965 /* Resources */,
			);
			buildRules = (
			);
			dependencies = (
			);
			name = ListTableView;
			productName = ListTableView;
			productReference = CF4FD49F1E7F787600260965 /* ListTableView.app */;
			productType = "com.apple.product-type.application";
		};
/* End PBXNativeTarget section */

/* Begin PBXProject section */
		CF4FD4971E7F787600260965 /* Project object */ = {
			isa = PBXProject;
			attributes = {
				LastUpgradeCheck = 0820;
				ORGANIZATIONNAME = DDKJ;
				TargetAttributes = {
					CF4FD49E1E7F787600260965 = {
						CreatedOnToolsVersion = 8.2.1;
						DevelopmentTeam = 8R3D5ADB82;
						ProvisioningStyle = Automatic;
					};
				};
			};
			buildConfigurationList = CF4FD49A1E7F787600260965 /* Build configuration list for PBXProject "ListTableView" */;
			compatibilityVersion = "Xcode 3.2";
			developmentRegion = English;
			hasScannedForEncodings = 0;
			knownRegions = (
				en,
				Base,
			);
			mainGroup = CF4FD4961E7F787600260965;
			productRefGroup = CF4FD4A01E7F787600260965 /* Products */;
			projectDirPath = "";
			projectRoot = "";
			targets = (
				CF4FD49E1E7F787600260965 /* ListTableView */,
			);
		};
/* End PBXProject section */

/* Begin PBXResourcesBuildPhase section */
		CF4FD49D1E7F787600260965 /* Resources */ = {
			isa = PBXResourcesBuildPhase;
			buildActionMask = 2147483647;
			files = (
				CF4FD4B21E7F787600260965 /* LaunchScreen.storyboard in Resources */,
				CF4FD4BD1E7F7B0500260965 /* InfoTableViewCell.xib in Resources */,
				CF4FD4AF1E7F787600260965 /* Assets.xcassets in Resources */,
				CF4FD4AD1E7F787600260965 /* Main.storyboard in Resources */,
			);
			runOnlyForDeploymentPostprocessing = 0;
		};
/* End PBXResourcesBuildPhase section */

/* Begin PBXSourcesBuildPhase section */
		CF4FD49B1E7F787600260965 /* Sources */ = {
			isa = PBXSourcesBuildPhase;
			buildActionMask = 2147483647;
			files = (
				CF4FD4AA1E7F787600260965 /* ViewController.m in Sources */,
				CF4FD4BC1E7F7B0500260965 /* InfoTableViewCell.m in Sources */,
				CF4FD4A71E7F787600260965 /* AppDelegate.m in Sources */,
				CF4FD4A41E7F787600260965 /* main.m in Sources */,
			);
			runOnlyForDeploymentPostprocessing = 0;
		};
/* End PBXSourcesBuildPhase section */

/* Begin PBXVariantGroup section */
		CF4FD4AB1E7F787600260965 /* Main.storyboard */ = {
			isa = PBXVariantGroup;
			children = (
				CF4FD4AC1E7F787600260965 /* Base */,
			);
			name = Main.storyboard;
			sourceTree = "<group>";
		};
		CF4FD4B01E7F787600260965 /* LaunchScreen.storyboard */ = {
			isa = PBXVariantGroup;
			children = (
				CF4FD4B11E7F787600260965 /* Base */,
			);
			name = LaunchScreen.storyboard;
			sourceTree = "<group>";
		};
/* End PBXVariantGroup section */

/* Begin XCBuildConfiguration section */
		CF4FD4B41E7F787600260965 /* Debug */ = {
			isa = XCBuildConfiguration;
			buildSettings = {
				ALWAYS_SEARCH_USER_PATHS = NO;
				CLANG_ANALYZER_NONNULL = YES;
				CLANG_CXX_LANGUAGE_STANDARD = "gnu++0x";
				CLANG_CXX_LIBRARY = "libc++";
				CLANG_ENABLE_MODULES = YES;
				CLANG_ENABLE_OBJC_ARC = YES;
				CLANG_WARN_BOOL_CONVERSION = YES;
				CLANG_WARN_CONSTANT_CONVERSION = YES;
				CLANG_WARN_DIRECT_OBJC_ISA_USAGE = YES_ERROR;
				CLANG_WARN_DOCUMENTATION_COMMENTS = YES;
				CLANG_WARN_EMPTY_BODY = YES;
				CLANG_WARN_ENUM_CONVERSION = YES;
				CLANG_WARN_INFINITE_RECURSION = YES;
				CLANG_WARN_INT_CONVERSION = YES;
				CLANG_WARN_OBJC_ROOT_CLASS = YES_ERROR;
				CLANG_WARN_SUSPICIOUS_MOVE = YES;
				CLANG_WARN_UNREACHABLE_CODE = YES;
				CLANG_WARN__DUPLICATE_METHOD_MATCH = YES;
				"CODE_SIGN_IDENTITY[sdk=iphoneos*]" = "iPhone Developer";
				COPY_PHASE_STRIP = NO;
				DEBUG_INFORMATION_FORMAT = dwarf;
				ENABLE_STRICT_OBJC_MSGSEND = YES;
				ENABLE_TESTABILITY = YES;
				GCC_C_LANGUAGE_STANDARD = gnu99;
				GCC_DYNAMIC_NO_PIC = NO;
				GCC_NO_COMMON_BLOCKS = YES;
				GCC_OPTIMIZATION_LEVEL = 0;
				GCC_PREPROCESSOR_DEFINITIONS = (
					"DEBUG=1",
					"$(inherited)",
				);
				GCC_WARN_64_TO_32_BIT_CONVERSION = YES;
				GCC_WARN_ABOUT_RETURN_TYPE = YES_ERROR;
				GCC_WARN_UNDECLARED_SELECTOR = YES;
				GCC_WARN_UNINITIALIZED_AUTOS = YES_AGGRESSIVE;
				GCC_WARN_UNUSED_FUNCTION = YES;
				GCC_WARN_UNUSED_VARIABLE = YES;
				IPHONEOS_DEPLOYMENT_TARGET = 10.2;
				MTL_ENABLE_DEBUG_INFO = YES;
				ONLY_ACTIVE_ARCH = YES;
				SDKROOT = iphoneos;
			};
			name = Debug;
		};
		CF4FD4B51E7F787600260965 /* Release */ = {
			isa = XCBuildConfiguration;
			buildSettings = {
				ALWAYS_SEARCH_USER_PATHS = NO;
				CLANG_ANALYZER_NONNULL = YES;
				CLANG_CXX_LANGUAGE_STANDARD = "gnu++0x";
				CLANG_CXX_LIBRARY = "libc++";
				CLANG_ENABLE_MODULES = YES;
				CLANG_ENABLE_OBJC_ARC = YES;
				CLANG_WARN_BOOL_CONVERSION = YES;
				CLANG_WARN_CONSTANT_CONVERSION = YES;
				CLANG_WARN_DIRECT_OBJC_ISA_USAGE = YES_ERROR;
				CLANG_WARN_DOCUMENTATION_COMMENTS = YES;
				CLANG_WARN_EMPTY_BODY = YES;
				CLANG_WARN_ENUM_CONVERSION = YES;
				CLANG_WARN_INFINITE_RECURSION = YES;
				CLANG_WARN_INT_CONVERSION = YES;
				CLANG_WARN_OBJC_ROOT_CLASS = YES_ERROR;
				CLANG_WARN_SUSPICIOUS_MOVE = YES;
				CLANG_WARN_UNREACHABLE_CODE = YES;
				CLANG_WARN__DUPLICATE_METHOD_MATCH = YES;
				"CODE_SIGN_IDENTITY[sdk=iphoneos*]" = "iPhone Developer";
				COPY_PHASE_STRIP = NO;
				DEBUG_INFORMATION_FORMAT = "dwarf-with-dsym";
				ENABLE_NS_ASSERTIONS = NO;
				ENABLE_STRICT_OBJC_MSGSEND = YES;
				GCC_C_LANGUAGE_STANDARD = gnu99;
				GCC_NO_COMMON_BLOCKS = YES;
				GCC_WARN_64_TO_32_BIT_CONVERSION = YES;
				GCC_WARN_ABOUT_RETURN_TYPE = YES_ERROR;
				GCC_WARN_UNDECLARED_SELECTOR = YES;
				GCC_WARN_UNINITIALIZED_AUTOS = YES_AGGRESSIVE;
				GCC_WARN_UNUSED_FUNCTION = YES;
				GCC_WARN_UNUSED_VARIABLE = YES;
				IPHONEOS_DEPLOYMENT_TARGET = 10.2;
				MTL_ENABLE_DEBUG_INFO = NO;
				SDKROOT = iphoneos;
				VALIDATE_PRODUCT = YES;
			};
			name = Release;
		};
		CF4FD4B71E7F787600260965 /* Debug */ = {
			isa = XCBuildConfiguration;
			buildSettings = {
				ASSETCATALOG_COMPILER_APPICON_NAME = AppIcon;
				DEVELOPMENT_TEAM = 8R3D5ADB82;
				INFOPLIST_FILE = ListTableView/Info.plist;
				LD_RUNPATH_SEARCH_PATHS = "$(inherited) @executable_path/Frameworks";
				PRODUCT_BUNDLE_IDENTIFIER = com.dongdongkeji.ListTableView;
				PRODUCT_NAME = "$(TARGET_NAME)";
			};
			name = Debug;
		};
		CF4FD4B81E7F787600260965 /* Release */ = {
			isa = XCBuildConfiguration;
			buildSettings = {
				ASSETCATALOG_COMPILER_APPICON_NAME = AppIcon;
				DEVELOPMENT_TEAM = 8R3D5ADB82;
				INFOPLIST_FILE = ListTableView/Info.plist;
				LD_RUNPATH_SEARCH_PATHS = "$(inherited) @executable_path/Frameworks";
				PRODUCT_BUNDLE_IDENTIFIER = com.dongdongkeji.ListTableView;
				PRODUCT_NAME = "$(TARGET_NAME)";
			};
			name = Release;
		};
/* End XCBuildConfiguration section */

/* Begin XCConfigurationList section */
		CF4FD49A1E7F787600260965 /* Build configuration list for PBXProject "ListTableView" */ = {
			isa = XCConfigurationList;
			buildConfigurations = (
				CF4FD4B41E7F787600260965 /* Debug */,
				CF4FD4B51E7F787600260965 /* Release */,
			);
			defaultConfigurationIsVisible = 0;
			defaultConfigurationName = Release;
		};
		CF4FD4B61E7F787600260965 /* Build configuration list for PBXNativeTarget "ListTableView" */ = {
			isa = XCConfigurationList;
			buildConfigurations = (
				CF4FD4B71E7F787600260965 /* Debug */,
				CF4FD4B81E7F787600260965 /* Release */,
			);
			defaultConfigurationIsVisible = 0;
		};
/* End XCConfigurationList section */
	};
	rootObject = CF4FD4971E7F787600260965 /* Project object */;
}
